
Microsoft Visual Studio Solution File, Format Version 12.00
# Visual Studio Version 17
VisualStudioVersion = 17.4.33213.308
MinimumVisualStudioVersion = 10.0.40219.1
Project("{FAE04EC0-301F-11D3-BF4B-00C04F79EFBC}") = "HoundNetwork", "HoundNetwork\HoundNetwork.csproj", "{8537F7B2-3304-4FAD-AABD-95AB486B5B1C}"
EndProject
Project("{FAE04EC0-301F-11D3-BF4B-00C04F79EFBC}") = "Server", "Server\Server.csproj", "{555F7432-F8A7-4E06-B837-883900514724}"
	ProjectSection(ProjectDependencies) = postProject
		{8537F7B2-3304-4FAD-AABD-95AB486B5B1C} = {8537F7B2-3304-4FAD-AABD-95AB486B5B1C}
	EndProjectSection
EndProject
Project("{FAE04EC0-301F-11D3-BF4B-00C04F79EFBC}") = "Client", "Client\Client.csproj", "{9906F14F-DAD1-44A4-B676-118FB651BEB2}"
EndProject
Global
	GlobalSection(SolutionConfigurationPlatforms) = preSolution
		Debug|Any CPU = Debug|Any CPU
		Release|Any CPU = Release|Any CPU
	EndGlobalSection
	GlobalSection(ProjectConfigurationPlatforms) = postSolution
		{8537F7B2-3304-4FAD-AABD-95AB486B5B1C}.Debug|Any CPU.ActiveCfg = Debug|Any CPU
		{8537F7B2-3304-4FAD-AABD-95AB486B5B1C}.Debug|Any CPU.Build.0 = Debug|Any CPU
		{8537F7B2-3304-4FAD-AABD-95AB486B5B1C}.Release|Any CPU.ActiveCfg = Release|Any CPU
		{8537F7B2-3304-4FAD-AABD-95AB486B5B1C}.Release|Any CPU.Build.0 = Release|Any CPU
		{555F7432-F8A7-4E06-B837-883900514724}.Debug|Any CPU.ActiveCfg = Debug|Any CPU
		{555F7432-F8A7-4E06-B837-883900514724}.Debug|Any CPU.Build.0 = Debug|Any CPU
		{555F7432-F8A7-4E06-B837-883900514724}.Release|Any CPU.ActiveCfg = Release|Any CPU
		{555F7432-F8A7-4E06-B837-883900514724}.Release|Any CPU.Build.0 = Release|Any CPU
		{9906F14F-DAD1-44A4-B676-118FB651BEB2}.Debug|Any CPU.ActiveCfg = Debug|Any CPU
		{9906F14F-DAD1-44A4-B676-118FB651BEB2}.Debug|Any CPU.Build.0 = Debug|Any CPU
		{9906F14F-DAD1-44A4-B676-118FB651BEB2}.Release|Any CPU.ActiveCfg = Release|Any CPU
		{9906F14F-DAD1-44A4-B676-118FB651BEB2}.Release|Any CPU.Build.0 = Release|Any CPU
	EndGlobalSection
	GlobalSection(SolutionProperties) = preSolution
		HideSolutionNode = FALSE
	EndGlobalSection
	GlobalSection(ExtensibilityGlobals) = postSolution
		SolutionGuid = {897089F5-2453-4E2D-9B44-2F4AD5AA7D75}
	EndGlobalSection
EndGlobal
